
Microsoft Visual Studio Solution File, Format Version 12.00
# Visual Studio Version 17
VisualStudioVersion = 17.6.33723.286
MinimumVisualStudioVersion = 10.0.40219.1
Project("{FAE04EC0-301F-11D3-BF4B-00C04F79EFBC}") = "cSharp-ApplicationException", "cSharp-ApplicationException.csproj", "{A595FEE6-EA24-4C05-A999-59A92AE20DA7}"
EndProject
Global
	GlobalSection(SolutionConfigurationPlatforms) = preSolution
		Debug|Any CPU = Debug|Any CPU
		Release|Any CPU = Release|Any CPU
	EndGlobalSection
	GlobalSection(ProjectConfigurationPlatforms) = postSolution
		{A595FEE6-EA24-4C05-A999-59A92AE20DA7}.Debug|Any CPU.ActiveCfg = Debug|Any CPU
		{A595FEE6-EA24-4C05-A999-59A92AE20DA7}.Debug|Any CPU.Build.0 = Debug|Any CPU
		{A595FEE6-EA24-4C05-A999-59A92AE20DA7}.Release|Any CPU.ActiveCfg = Release|Any CPU
		{A595FEE6-EA24-4C05-A999-59A92AE20DA7}.Release|Any CPU.Build.0 = Release|Any CPU
	EndGlobalSection
	GlobalSection(SolutionProperties) = preSolution
		HideSolutionNode = FALSE
	EndGlobalSection
	GlobalSection(ExtensibilityGlobals) = postSolution
		SolutionGuid = {3C049EBA-0B4A-484E-A661-3969DE324B9C}
	EndGlobalSection
EndGlobal
